// !$*UTF8*$!
{
	archiveVersion = 1;
	classes = {
	};
	objectVersion = 46;
	objects = {

/* Begin PBXBuildFile section */
		FC8087111B5A909900895B04 /* main.m in Sources */ = {isa = PBXBuildFile; fileRef = FC8087101B5A909900895B04 /* main.m */; };
		FC8087141B5A909900895B04 /* AppDelegate.m in Sources */ = {isa = PBXBuildFile; fileRef = FC8087131B5A909900895B04 /* AppDelegate.m */; };
		FC8087171B5A909900895B04 /* ViewController.m in Sources */ = {isa = PBXBuildFile; fileRef = FC8087161B5A909900895B04 /* ViewController.m */; };
		FC80871A1B5A909900895B04 /* Main.storyboard in Resources */ = {isa = PBXBuildFile; fileRef = FC8087181B5A909900895B04 /* Main.storyboard */; };
		FC80871C1B5A909900895B04 /* Images.xcassets in Resources */ = {isa = PBXBuildFile; fileRef = FC80871B1B5A909900895B04 /* Images.xcassets */; };
		FC80871F1B5A909900895B04 /* LaunchScreen.xib in Resources */ = {isa = PBXBuildFile; fileRef = FC80871D1B5A909900895B04 /* LaunchScreen.xib */; };
		FC80872B1B5A909900895B04 /* SampleVIPERTests.m in Sources */ = {isa = PBXBuildFile; fileRef = FC80872A1B5A909900895B04 /* SampleVIPERTests.m */; };
		FC80873D1B5A996000895B04 /* CounterEntity.m in Sources */ = {isa = PBXBuildFile; fileRef = FC80873C1B5A996000895B04 /* CounterEntity.m */; };
		FC8087441B5A9D6200895B04 /* CounterPresenter.m in Sources */ = {isa = PBXBuildFile; fileRef = FC8087431B5A9D6200895B04 /* CounterPresenter.m */; };
		FC8087471B5AA00900895B04 /* CounterInteractor.m in Sources */ = {isa = PBXBuildFile; fileRef = FC8087461B5AA00900895B04 /* CounterInteractor.m */; };
		FC80874A1B5AAC7900895B04 /* CounterWireframe.m in Sources */ = {isa = PBXBuildFile; fileRef = FC8087491B5AAC7900895B04 /* CounterWireframe.m */; };
/* End PBXBuildFile section */

/* Begin PBXContainerItemProxy section */
		FC8087251B5A909900895B04 /* PBXContainerItemProxy */ = {
			isa = PBXContainerItemProxy;
			containerPortal = FC8087031B5A909900895B04 /* Project object */;
			proxyType = 1;
			remoteGlobalIDString = FC80870A1B5A909900895B04;
			remoteInfo = SampleVIPER;
		};
/* End PBXContainerItemProxy section */

/* Begin PBXFileReference section */
		FC80870B1B5A909900895B04 /* SampleVIPER.app */ = {isa = PBXFileReference; explicitFileType = wrapper.application; includeInIndex = 0; path = SampleVIPER.app; sourceTree = BUILT_PRODUCTS_DIR; };
		FC80870F1B5A909900895B04 /* Info.plist */ = {isa = PBXFileReference; lastKnownFileType = text.plist.xml; path = Info.plist; sourceTree = "<group>"; };
		FC8087101B5A909900895B04 /* main.m */ = {isa = PBXFileReference; lastKnownFileType = sourcecode.c.objc; path = main.m; sourceTree = "<group>"; };
		FC8087121B5A909900895B04 /* AppDelegate.h */ = {isa = PBXFileReference; lastKnownFileType = sourcecode.c.h; path = AppDelegate.h; sourceTree = "<group>"; };
		FC8087131B5A909900895B04 /* AppDelegate.m */ = {isa = PBXFileReference; lastKnownFileType = sourcecode.c.objc; path = AppDelegate.m; sourceTree = "<group>"; };
		FC8087151B5A909900895B04 /* ViewController.h */ = {isa = PBXFileReference; lastKnownFileType = sourcecode.c.h; path = ViewController.h; sourceTree = "<group>"; };
		FC8087161B5A909900895B04 /* ViewController.m */ = {isa = PBXFileReference; lastKnownFileType = sourcecode.c.objc; path = ViewController.m; sourceTree = "<group>"; };
		FC8087191B5A909900895B04 /* Base */ = {isa = PBXFileReference; lastKnownFileType = file.storyboard; name = Base; path = Base.lproj/Main.storyboard; sourceTree = "<group>"; };
		FC80871B1B5A909900895B04 /* Images.xcassets */ = {isa = PBXFileReference; lastKnownFileType = folder.assetcatalog; path = Images.xcassets; sourceTree = "<group>"; };
		FC80871E1B5A909900895B04 /* Base */ = {isa = PBXFileReference; lastKnownFileType = file.xib; name = Base; path = Base.lproj/LaunchScreen.xib; sourceTree = "<group>"; };
		FC8087241B5A909900895B04 /* SampleVIPERTests.xctest */ = {isa = PBXFileReference; explicitFileType = wrapper.cfbundle; includeInIndex = 0; path = SampleVIPERTests.xctest; sourceTree = BUILT_PRODUCTS_DIR; };
		FC8087291B5A909900895B04 /* Info.plist */ = {isa = PBXFileReference; lastKnownFileType = text.plist.xml; path = Info.plist; sourceTree = "<group>"; };
		FC80872A1B5A909900895B04 /* SampleVIPERTests.m */ = {isa = PBXFileReference; lastKnownFileType = sourcecode.c.objc; path = SampleVIPERTests.m; sourceTree = "<group>"; };
		FC80873B1B5A996000895B04 /* CounterEntity.h */ = {isa = PBXFileReference; fileEncoding = 4; lastKnownFileType = sourcecode.c.h; path = CounterEntity.h; sourceTree = "<group>"; };
		FC80873C1B5A996000895B04 /* CounterEntity.m */ = {isa = PBXFileReference; fileEncoding = 4; lastKnownFileType = sourcecode.c.objc; path = CounterEntity.m; sourceTree = "<group>"; };
		FC80873E1B5A9A4400895B04 /* CounterView.h */ = {isa = PBXFileReference; fileEncoding = 4; lastKnownFileType = sourcecode.c.h; path = CounterView.h; sourceTree = "<group>"; };
		FC8087411B5A9C7900895B04 /* CounterInteractorIO.h */ = {isa = PBXFileReference; lastKnownFileType = sourcecode.c.h; path = CounterInteractorIO.h; sourceTree = "<group>"; };
		FC8087421B5A9D6200895B04 /* CounterPresenter.h */ = {isa = PBXFileReference; fileEncoding = 4; lastKnownFileType = sourcecode.c.h; path = CounterPresenter.h; sourceTree = "<group>"; };
		FC8087431B5A9D6200895B04 /* CounterPresenter.m */ = {isa = PBXFileReference; fileEncoding = 4; lastKnownFileType = sourcecode.c.objc; path = CounterPresenter.m; sourceTree = "<group>"; };
		FC8087451B5AA00900895B04 /* CounterInteractor.h */ = {isa = PBXFileReference; fileEncoding = 4; lastKnownFileType = sourcecode.c.h; path = CounterInteractor.h; sourceTree = "<group>"; };
		FC8087461B5AA00900895B04 /* CounterInteractor.m */ = {isa = PBXFileReference; fileEncoding = 4; lastKnownFileType = sourcecode.c.objc; path = CounterInteractor.m; sourceTree = "<group>"; };
		FC8087481B5AAC7900895B04 /* CounterWireframe.h */ = {isa = PBXFileReference; fileEncoding = 4; lastKnownFileType = sourcecode.c.h; path = CounterWireframe.h; sourceTree = "<group>"; };
		FC8087491B5AAC7900895B04 /* CounterWireframe.m */ = {isa = PBXFileReference; fileEncoding = 4; lastKnownFileType = sourcecode.c.objc; path = CounterWireframe.m; sourceTree = "<group>"; };
/* End PBXFileReference section */

/* Begin PBXFrameworksBuildPhase section */
		FC8087081B5A909900895B04 /* Frameworks */ = {
			isa = PBXFrameworksBuildPhase;
			buildActionMask = 2147483647;
			files = (
			);
			runOnlyForDeploymentPostprocessing = 0;
		};
		FC8087211B5A909900895B04 /* Frameworks */ = {
			isa = PBXFrameworksBuildPhase;
			buildActionMask = 2147483647;
			files = (
			);
			runOnlyForDeploymentPostprocessing = 0;
		};
/* End PBXFrameworksBuildPhase section */

/* Begin PBXGroup section */
		FC8087021B5A909900895B04 = {
			isa = PBXGroup;
			children = (
				FC80870D1B5A909900895B04 /* SampleVIPER */,
				FC8087271B5A909900895B04 /* SampleVIPERTests */,
				FC80870C1B5A909900895B04 /* Products */,
			);
			sourceTree = "<group>";
		};
		FC80870C1B5A909900895B04 /* Products */ = {
			isa = PBXGroup;
			children = (
				FC80870B1B5A909900895B04 /* SampleVIPER.app */,
				FC8087241B5A909900895B04 /* SampleVIPERTests.xctest */,
			);
			name = Products;
			sourceTree = "<group>";
		};
		FC80870D1B5A909900895B04 /* SampleVIPER */ = {
			isa = PBXGroup;
			children = (
				FC8087341B5A97EF00895B04 /* Modules */,
				FC8087121B5A909900895B04 /* AppDelegate.h */,
				FC8087131B5A909900895B04 /* AppDelegate.m */,
				FC8087181B5A909900895B04 /* Main.storyboard */,
				FC80871B1B5A909900895B04 /* Images.xcassets */,
				FC80871D1B5A909900895B04 /* LaunchScreen.xib */,
				FC80870E1B5A909900895B04 /* Supporting Files */,
			);
			path = SampleVIPER;
			sourceTree = "<group>";
		};
		FC80870E1B5A909900895B04 /* Supporting Files */ = {
			isa = PBXGroup;
			children = (
				FC80870F1B5A909900895B04 /* Info.plist */,
				FC8087101B5A909900895B04 /* main.m */,
			);
			name = "Supporting Files";
			sourceTree = "<group>";
		};
		FC8087271B5A909900895B04 /* SampleVIPERTests */ = {
			isa = PBXGroup;
			children = (
				FC80872A1B5A909900895B04 /* SampleVIPERTests.m */,
				FC8087281B5A909900895B04 /* Supporting Files */,
			);
			path = SampleVIPERTests;
			sourceTree = "<group>";
		};
		FC8087281B5A909900895B04 /* Supporting Files */ = {
			isa = PBXGroup;
			children = (
				FC8087291B5A909900895B04 /* Info.plist */,
			);
			name = "Supporting Files";
			sourceTree = "<group>";
		};
		FC8087341B5A97EF00895B04 /* Modules */ = {
			isa = PBXGroup;
			children = (
				FC8087371B5A982400895B04 /* Counter */,
			);
			name = Modules;
			sourceTree = "<group>";
		};
		FC8087351B5A980B00895B04 /* View */ = {
			isa = PBXGroup;
			children = (
				FC8087151B5A909900895B04 /* ViewController.h */,
				FC8087161B5A909900895B04 /* ViewController.m */,
				FC80873E1B5A9A4400895B04 /* CounterView.h */,
			);
			name = View;
			sourceTree = "<group>";
		};
		FC8087361B5A981A00895B04 /* Presenter */ = {
			isa = PBXGroup;
			children = (
				FC8087421B5A9D6200895B04 /* CounterPresenter.h */,
				FC8087431B5A9D6200895B04 /* CounterPresenter.m */,
			);
			name = Presenter;
			sourceTree = "<group>";
		};
		FC8087371B5A982400895B04 /* Counter */ = {
			isa = PBXGroup;
			children = (
				FC80873A1B5A989D00895B04 /* Wireframe */,
				FC8087391B5A984500895B04 /* Entity */,
				FC8087381B5A983300895B04 /* Interactor */,
				FC8087361B5A981A00895B04 /* Presenter */,
				FC8087351B5A980B00895B04 /* View */,
			);
			name = Counter;
			sourceTree = "<group>";
		};
		FC8087381B5A983300895B04 /* Interactor */ = {
			isa = PBXGroup;
			children = (
				FC8087411B5A9C7900895B04 /* CounterInteractorIO.h */,
				FC8087451B5AA00900895B04 /* CounterInteractor.h */,
				FC8087461B5AA00900895B04 /* CounterInteractor.m */,
			);
			name = Interactor;
			sourceTree = "<group>";
		};
		FC8087391B5A984500895B04 /* Entity */ = {
			isa = PBXGroup;
			children = (
				FC80873B1B5A996000895B04 /* CounterEntity.h */,
				FC80873C1B5A996000895B04 /* CounterEntity.m */,
			);
			name = Entity;
			sourceTree = "<group>";
		};
		FC80873A1B5A989D00895B04 /* Wireframe */ = {
			isa = PBXGroup;
			children = (
				FC8087481B5AAC7900895B04 /* CounterWireframe.h */,
				FC8087491B5AAC7900895B04 /* CounterWireframe.m */,
			);
			name = Wireframe;
			sourceTree = "<group>";
		};
/* End PBXGroup section */

/* Begin PBXNativeTarget section */
		FC80870A1B5A909900895B04 /* SampleVIPER */ = {
			isa = PBXNativeTarget;
			buildConfigurationList = FC80872E1B5A909900895B04 /* Build configuration list for PBXNativeTarget "SampleVIPER" */;
			buildPhases = (
				FC8087071B5A909900895B04 /* Sources */,
				FC8087081B5A909900895B04 /* Frameworks */,
				FC8087091B5A909900895B04 /* Resources */,
			);
			buildRules = (
			);
			dependencies = (
			);
			name = SampleVIPER;
			productName = SampleVIPER;
			productReference = FC80870B1B5A909900895B04 /* SampleVIPER.app */;
			productType = "com.apple.product-type.application";
		};
		FC8087231B5A909900895B04 /* SampleVIPERTests */ = {
			isa = PBXNativeTarget;
			buildConfigurationList = FC8087311B5A909900895B04 /* Build configuration list for PBXNativeTarget "SampleVIPERTests" */;
			buildPhases = (
				FC8087201B5A909900895B04 /* Sources */,
				FC8087211B5A909900895B04 /* Frameworks */,
				FC8087221B5A909900895B04 /* Resources */,
			);
			buildRules = (
			);
			dependencies = (
				FC8087261B5A909900895B04 /* PBXTargetDependency */,
			);
			name = SampleVIPERTests;
			productName = SampleVIPERTests;
			productReference = FC8087241B5A909900895B04 /* SampleVIPERTests.xctest */;
			productType = "com.apple.product-type.bundle.unit-test";
		};
/* End PBXNativeTarget section */

/* Begin PBXProject section */
		FC8087031B5A909900895B04 /* Project object */ = {
			isa = PBXProject;
			attributes = {
				LastUpgradeCheck = 0640;
				ORGANIZATIONNAME = Viettranx;
				TargetAttributes = {
					FC80870A1B5A909900895B04 = {
						CreatedOnToolsVersion = 6.4;
					};
					FC8087231B5A909900895B04 = {
						CreatedOnToolsVersion = 6.4;
						TestTargetID = FC80870A1B5A909900895B04;
					};
				};
			};
			buildConfigurationList = FC8087061B5A909900895B04 /* Build configuration list for PBXProject "SampleVIPER" */;
			compatibilityVersion = "Xcode 3.2";
			developmentRegion = English;
			hasScannedForEncodings = 0;
			knownRegions = (
				en,
				Base,
			);
			mainGroup = FC8087021B5A909900895B04;
			productRefGroup = FC80870C1B5A909900895B04 /* Products */;
			projectDirPath = "";
			projectRoot = "";
			targets = (
				FC80870A1B5A909900895B04 /* SampleVIPER */,
				FC8087231B5A909900895B04 /* SampleVIPERTests */,
			);
		};
/* End PBXProject section */

/* Begin PBXResourcesBuildPhase section */
		FC8087091B5A909900895B04 /* Resources */ = {
			isa = PBXResourcesBuildPhase;
			buildActionMask = 2147483647;
			files = (
				FC80871A1B5A909900895B04 /* Main.storyboard in Resources */,
				FC80871F1B5A909900895B04 /* LaunchScreen.xib in Resources */,
				FC80871C1B5A909900895B04 /* Images.xcassets in Resources */,
			);
			runOnlyForDeploymentPostprocessing = 0;
		};
		FC8087221B5A909900895B04 /* Resources */ = {
			isa = PBXResourcesBuildPhase;
			buildActionMask = 2147483647;
			files = (
			);
			runOnlyForDeploymentPostprocessing = 0;
		};
/* End PBXResourcesBuildPhase section */

/* Begin PBXSourcesBuildPhase section */
		FC8087071B5A909900895B04 /* Sources */ = {
			isa = PBXSourcesBuildPhase;
			buildActionMask = 2147483647;
			files = (
				FC80874A1B5AAC7900895B04 /* CounterWireframe.m in Sources */,
				FC8087171B5A909900895B04 /* ViewController.m in Sources */,
				FC8087141B5A909900895B04 /* AppDelegate.m in Sources */,
				FC8087111B5A909900895B04 /* main.m in Sources */,
				FC8087471B5AA00900895B04 /* CounterInteractor.m in Sources */,
				FC8087441B5A9D6200895B04 /* CounterPresenter.m in Sources */,
				FC80873D1B5A996000895B04 /* CounterEntity.m in Sources */,
			);
			runOnlyForDeploymentPostprocessing = 0;
		};
		FC8087201B5A909900895B04 /* Sources */ = {
			isa = PBXSourcesBuildPhase;
			buildActionMask = 2147483647;
			files = (
				FC80872B1B5A909900895B04 /* SampleVIPERTests.m in Sources */,
			);
			runOnlyForDeploymentPostprocessing = 0;
		};
/* End PBXSourcesBuildPhase section */

/* Begin PBXTargetDependency section */
		FC8087261B5A909900895B04 /* PBXTargetDependency */ = {
			isa = PBXTargetDependency;
			target = FC80870A1B5A909900895B04 /* SampleVIPER */;
			targetProxy = FC8087251B5A909900895B04 /* PBXContainerItemProxy */;
		};
/* End PBXTargetDependency section */

/* Begin PBXVariantGroup section */
		FC8087181B5A909900895B04 /* Main.storyboard */ = {
			isa = PBXVariantGroup;
			children = (
				FC8087191B5A909900895B04 /* Base */,
			);
			name = Main.storyboard;
			sourceTree = "<group>";
		};
		FC80871D1B5A909900895B04 /* LaunchScreen.xib */ = {
			isa = PBXVariantGroup;
			children = (
				FC80871E1B5A909900895B04 /* Base */,
			);
			name = LaunchScreen.xib;
			sourceTree = "<group>";
		};
/* End PBXVariantGroup section */

/* Begin XCBuildConfiguration section */
		FC80872C1B5A909900895B04 /* Debug */ = {
			isa = XCBuildConfiguration;
			buildSettings = {
				ALWAYS_SEARCH_USER_PATHS = NO;
				CLANG_CXX_LANGUAGE_STANDARD = "gnu++0x";
				CLANG_CXX_LIBRARY = "libc++";
				CLANG_ENABLE_MODULES = YES;
				CLANG_ENABLE_OBJC_ARC = YES;
				CLANG_WARN_BOOL_CONVERSION = YES;
				CLANG_WARN_CONSTANT_CONVERSION = YES;
				CLANG_WARN_DIRECT_OBJC_ISA_USAGE = YES_ERROR;
				CLANG_WARN_EMPTY_BODY = YES;
				CLANG_WARN_ENUM_CONVERSION = YES;
				CLANG_WARN_INT_CONVERSION = YES;
				CLANG_WARN_OBJC_ROOT_CLASS = YES_ERROR;
				CLANG_WARN_UNREACHABLE_CODE = YES;
				CLANG_WARN__DUPLICATE_METHOD_MATCH = YES;
				"CODE_SIGN_IDENTITY[sdk=iphoneos*]" = "iPhone Developer";
				COPY_PHASE_STRIP = NO;
				DEBUG_INFORMATION_FORMAT = "dwarf-with-dsym";
				ENABLE_STRICT_OBJC_MSGSEND = YES;
				GCC_C_LANGUAGE_STANDARD = gnu99;
				GCC_DYNAMIC_NO_PIC = NO;
				GCC_NO_COMMON_BLOCKS = YES;
				GCC_OPTIMIZATION_LEVEL = 0;
				GCC_PREPROCESSOR_DEFINITIONS = (
					"DEBUG=1",
					"$(inherited)",
				);
				GCC_SYMBOLS_PRIVATE_EXTERN = NO;
				GCC_WARN_64_TO_32_BIT_CONVERSION = YES;
				GCC_WARN_ABOUT_RETURN_TYPE = YES_ERROR;
				GCC_WARN_UNDECLARED_SELECTOR = YES;
				GCC_WARN_UNINITIALIZED_AUTOS = YES_AGGRESSIVE;
				GCC_WARN_UNUSED_FUNCTION = YES;
				GCC_WARN_UNUSED_VARIABLE = YES;
				IPHONEOS_DEPLOYMENT_TARGET = 8.4;
				MTL_ENABLE_DEBUG_INFO = YES;
				ONLY_ACTIVE_ARCH = YES;
				SDKROOT = iphoneos;
				TARGETED_DEVICE_FAMILY = "1,2";
			};
			name = Debug;
		};
		FC80872D1B5A909900895B04 /* Release */ = {
			isa = XCBuildConfiguration;
			buildSettings = {
				ALWAYS_SEARCH_USER_PATHS = NO;
				CLANG_CXX_LANGUAGE_STANDARD = "gnu++0x";
				CLANG_CXX_LIBRARY = "libc++";
				CLANG_ENABLE_MODULES = YES;
				CLANG_ENABLE_OBJC_ARC = YES;
				CLANG_WARN_BOOL_CONVERSION = YES;
				CLANG_WARN_CONSTANT_CONVERSION = YES;
				CLANG_WARN_DIRECT_OBJC_ISA_USAGE = YES_ERROR;
				CLANG_WARN_EMPTY_BODY = YES;
				CLANG_WARN_ENUM_CONVERSION = YES;
				CLANG_WARN_INT_CONVERSION = YES;
				CLANG_WARN_OBJC_ROOT_CLASS = YES_ERROR;
				CLANG_WARN_UNREACHABLE_CODE = YES;
				CLANG_WARN__DUPLICATE_METHOD_MATCH = YES;
				"CODE_SIGN_IDENTITY[sdk=iphoneos*]" = "iPhone Developer";
				COPY_PHASE_STRIP = NO;
				DEBUG_INFORMATION_FORMAT = "dwarf-with-dsym";
				ENABLE_NS_ASSERTIONS = NO;
				ENABLE_STRICT_OBJC_MSGSEND = YES;
				GCC_C_LANGUAGE_STANDARD = gnu99;
				GCC_NO_COMMON_BLOCKS = YES;
				GCC_WARN_64_TO_32_BIT_CONVERSION = YES;
				GCC_WARN_ABOUT_RETURN_TYPE = YES_ERROR;
				GCC_WARN_UNDECLARED_SELECTOR = YES;
				GCC_WARN_UNINITIALIZED_AUTOS = YES_AGGRESSIVE;
				GCC_WARN_UNUSED_FUNCTION = YES;
				GCC_WARN_UNUSED_VARIABLE = YES;
				IPHONEOS_DEPLOYMENT_TARGET = 8.4;
				MTL_ENABLE_DEBUG_INFO = NO;
				SDKROOT = iphoneos;
				TARGETED_DEVICE_FAMILY = "1,2";
				VALIDATE_PRODUCT = YES;
			};
			name = Release;
		};
		FC80872F1B5A909900895B04 /* Debug */ = {
			isa = XCBuildConfiguration;
			buildSettings = {
				ASSETCATALOG_COMPILER_APPICON_NAME = AppIcon;
				INFOPLIST_FILE = SampleVIPER/Info.plist;
				LD_RUNPATH_SEARCH_PATHS = "$(inherited) @executable_path/Frameworks";
				PRODUCT_NAME = "$(TARGET_NAME)";
			};
			name = Debug;
		};
		FC8087301B5A909900895B04 /* Release */ = {
			isa = XCBuildConfiguration;
			buildSettings = {
				ASSETCATALOG_COMPILER_APPICON_NAME = AppIcon;
				INFOPLIST_FILE = SampleVIPER/Info.plist;
				LD_RUNPATH_SEARCH_PATHS = "$(inherited) @executable_path/Frameworks";
				PRODUCT_NAME = "$(TARGET_NAME)";
			};
			name = Release;
		};
		FC8087321B5A909900895B04 /* Debug */ = {
			isa = XCBuildConfiguration;
			buildSettings = {
				BUNDLE_LOADER = "$(TEST_HOST)";
				FRAMEWORK_SEARCH_PATHS = (
					"$(SDKROOT)/Developer/Library/Frameworks",
					"$(inherited)",
				);
				GCC_PREPROCESSOR_DEFINITIONS = (
					"DEBUG=1",
					"$(inherited)",
				);
				INFOPLIST_FILE = SampleVIPERTests/Info.plist;
				LD_RUNPATH_SEARCH_PATHS = "$(inherited) @executable_path/Frameworks @loader_path/Frameworks";
				PRODUCT_NAME = "$(TARGET_NAME)";
				TEST_HOST = "$(BUILT_PRODUCTS_DIR)/SampleVIPER.app/SampleVIPER";
			};
			name = Debug;
		};
		FC8087331B5A909900895B04 /* Release */ = {
			isa = XCBuildConfiguration;
			buildSettings = {
				BUNDLE_LOADER = "$(TEST_HOST)";
				FRAMEWORK_SEARCH_PATHS = (
					"$(SDKROOT)/Developer/Library/Frameworks",
					"$(inherited)",
				);
				INFOPLIST_FILE = SampleVIPERTests/Info.plist;
				LD_RUNPATH_SEARCH_PATHS = "$(inherited) @executable_path/Frameworks @loader_path/Frameworks";
				PRODUCT_NAME = "$(TARGET_NAME)";
				TEST_HOST = "$(BUILT_PRODUCTS_DIR)/SampleVIPER.app/SampleVIPER";
			};
			name = Release;
		};
/* End XCBuildConfiguration section */

/* Begin XCConfigurationList section */
		FC8087061B5A909900895B04 /* Build configuration list for PBXProject "SampleVIPER" */ = {
			isa = XCConfigurationList;
			buildConfigurations = (
				FC80872C1B5A909900895B04 /* Debug */,
				FC80872D1B5A909900895B04 /* Release */,
			);
			defaultConfigurationIsVisible = 0;
			defaultConfigurationName = Release;
		};
		FC80872E1B5A909900895B04 /* Build configuration list for PBXNativeTarget "SampleVIPER" */ = {
			isa = XCConfigurationList;
			buildConfigurations = (
				FC80872F1B5A909900895B04 /* Debug */,
				FC8087301B5A909900895B04 /* Release */,
			);
			defaultConfigurationIsVisible = 0;
		};
		FC8087311B5A909900895B04 /* Build configuration list for PBXNativeTarget "SampleVIPERTests" */ = {
			isa = XCConfigurationList;
			buildConfigurations = (
				FC8087321B5A909900895B04 /* Debug */,
				FC8087331B5A909900895B04 /* Release */,
			);
			defaultConfigurationIsVisible = 0;
		};
/* End XCConfigurationList section */
	};
	rootObject = FC8087031B5A909900895B04 /* Project object */;
}
